<Solution>
  <Folder Name="/Samples/">
    <Project Path="samples/CreatePieceTree/PieceTreeDemo.csproj" />
    <Project Path="samples/TokenizationTextMateDemo/TokenizationTextMateDemo.csproj" />
  </Folder>
  <Project Path="FluidX.TextBuffers/FluidX.TextBuffers.csproj" Id="9480a24f-e934-4a9e-92cd-b6a1c4b2a29b" />
  <Project Path="src/FluidX.csproj" />
</Solution>
